
Microsoft Visual Studio Solution File, Format Version 12.00
# Visual Studio Version 16
VisualStudioVersion = 16.0.30611.23
MinimumVisualStudioVersion = 10.0.40219.1
Project("{FAE04EC0-301F-11D3-BF4B-00C04F79EFBC}") = "Noteapp", "Noteapp.csproj", "{68BCECF7-B3E9-42DA-9865-3ECD3EB1E883}"
EndProject
Global
	GlobalSection(SolutionConfigurationPlatforms) = preSolution
		Debug|Any CPU = Debug|Any CPU
		Release|Any CPU = Release|Any CPU
	EndGlobalSection
	GlobalSection(ProjectConfigurationPlatforms) = postSolution
		{68BCECF7-B3E9-42DA-9865-3ECD3EB1E883}.Debug|Any CPU.ActiveCfg = Debug|Any CPU
		{68BCECF7-B3E9-42DA-9865-3ECD3EB1E883}.Debug|Any CPU.Build.0 = Debug|Any CPU
		{68BCECF7-B3E9-42DA-9865-3ECD3EB1E883}.Release|Any CPU.ActiveCfg = Release|Any CPU
		{68BCECF7-B3E9-42DA-9865-3ECD3EB1E883}.Release|Any CPU.Build.0 = Release|Any CPU
	EndGlobalSection
	GlobalSection(SolutionProperties) = preSolution
		HideSolutionNode = FALSE
	EndGlobalSection
	GlobalSection(ExtensibilityGlobals) = postSolution
		SolutionGuid = {6A661F2B-3C86-46D0-9734-09243BB0F126}
	EndGlobalSection
EndGlobal
